
Microsoft Visual Studio Solution File, Format Version 12.00
# Visual Studio Version 17
VisualStudioVersion = 17.9.34701.34
MinimumVisualStudioVersion = 10.0.40219.1
Project("{9A19103F-16F7-4668-BE54-9A1E7A4F7556}") = "_build", "..\build\_build.csproj", "{B8506B1E-D6FD-4129-8EC1-A67C390CD841}"
EndProject
Project("{9A19103F-16F7-4668-BE54-9A1E7A4F7556}") = "Allors.Core.Database", "Allors.Core.Database\Allors.Core.Database.csproj", "{EC6D35F5-5185-47EB-9DB7-252AAF438741}"
EndProject
Project("{9A19103F-16F7-4668-BE54-9A1E7A4F7556}") = "Allors.Core.Database.Tests", "Allors.Core.Database.Tests\Allors.Core.Database.Tests.csproj", "{8D3B0ACE-466F-483F-8CE2-95DA87E287CD}"
EndProject
Project("{9A19103F-16F7-4668-BE54-9A1E7A4F7556}") = "Allors.Core.Meta", "Allors.Core.Meta\Allors.Core.Meta.csproj", "{457FA89C-3986-42C8-AD92-3F27A4690912}"
EndProject
Project("{9A19103F-16F7-4668-BE54-9A1E7A4F7556}") = "Allors.Core.Meta.Tests", "Allors.Core.Meta.Tests\Allors.Core.Meta.Tests.csproj", "{8B61C8B2-74DA-40B2-9F7A-E739E0C38A78}"
EndProject
Project("{9A19103F-16F7-4668-BE54-9A1E7A4F7556}") = "Allors.Core.Database.Engines", "Allors.Core.Database.Engines\Allors.Core.Database.Engines.csproj", "{6992D7D6-EA0E-495A-B5A0-F3EC1705B183}"
EndProject
Project("{9A19103F-16F7-4668-BE54-9A1E7A4F7556}") = "Allors.Core.Database.Engines.Memory", "Allors.Core.Database.Engines.Memory\Allors.Core.Database.Engines.Memory.csproj", "{503D7A19-1888-485C-B19A-4AAE69B04D6D}"
EndProject
Project("{9A19103F-16F7-4668-BE54-9A1E7A4F7556}") = "Allors.Core.Database.Engines.Memory.Tests", "Allors.Core.Database.Engines.Memory.Tests\Allors.Core.Database.Engines.Memory.Tests.csproj", "{464A0D78-9243-46EA-937D-EF4EDE058578}"
EndProject
Project("{9A19103F-16F7-4668-BE54-9A1E7A4F7556}") = "Allors.Core.Database.Engines.Tests", "Allors.Core.Database.Engines.Tests\Allors.Core.Database.Engines.Tests.csproj", "{E901F3EC-7DDD-449C-B3CA-E4DAF383F777}"
EndProject
Project("{9A19103F-16F7-4668-BE54-9A1E7A4F7556}") = "Allors.Core.MetaMeta", "Allors.Core.MetaMeta\Allors.Core.MetaMeta.csproj", "{76EE493F-D93C-4DD3-9D2C-4C501CAA06A0}"
EndProject
Project("{9A19103F-16F7-4668-BE54-9A1E7A4F7556}") = "Allors.Core.MetaMeta.Tests", "Allors.Core.MetaMeta.Tests\Allors.Core.MetaMeta.Tests.csproj", "{D6458A0B-34D8-4ABB-B8F8-72BFD7364FF2}"
EndProject
Project("{2150E333-8FDC-42A3-9474-1A3956D46DE8}") = "Solution Items", "Solution Items", "{B08475A6-31A6-4BA8-A555-93A329DE3CE5}"
	ProjectSection(SolutionItems) = preProject
		Directory.Build.props = Directory.Build.props
		..\global.json = ..\global.json
	EndProjectSection
EndProject
Project("{9A19103F-16F7-4668-BE54-9A1E7A4F7556}") = "Allors.Core.Database.Commands", "Allors.Core.Database.Commands\Allors.Core.Database.Commands.csproj", "{F79951F8-6AA1-4154-8629-9D3899DCC52A}"
EndProject
Global
	GlobalSection(SolutionConfigurationPlatforms) = preSolution
		Debug|Any CPU = Debug|Any CPU
		Release|Any CPU = Release|Any CPU
	EndGlobalSection
	GlobalSection(ProjectConfigurationPlatforms) = postSolution
		{B8506B1E-D6FD-4129-8EC1-A67C390CD841}.Debug|Any CPU.ActiveCfg = Debug|Any CPU
		{B8506B1E-D6FD-4129-8EC1-A67C390CD841}.Release|Any CPU.ActiveCfg = Release|Any CPU
		{EC6D35F5-5185-47EB-9DB7-252AAF438741}.Debug|Any CPU.ActiveCfg = Debug|Any CPU
		{EC6D35F5-5185-47EB-9DB7-252AAF438741}.Debug|Any CPU.Build.0 = Debug|Any CPU
		{EC6D35F5-5185-47EB-9DB7-252AAF438741}.Release|Any CPU.ActiveCfg = Release|Any CPU
		{EC6D35F5-5185-47EB-9DB7-252AAF438741}.Release|Any CPU.Build.0 = Release|Any CPU
		{8D3B0ACE-466F-483F-8CE2-95DA87E287CD}.Debug|Any CPU.ActiveCfg = Debug|Any CPU
		{8D3B0ACE-466F-483F-8CE2-95DA87E287CD}.Debug|Any CPU.Build.0 = Debug|Any CPU
		{8D3B0ACE-466F-483F-8CE2-95DA87E287CD}.Release|Any CPU.ActiveCfg = Release|Any CPU
		{8D3B0ACE-466F-483F-8CE2-95DA87E287CD}.Release|Any CPU.Build.0 = Release|Any CPU
		{457FA89C-3986-42C8-AD92-3F27A4690912}.Debug|Any CPU.ActiveCfg = Debug|Any CPU
		{457FA89C-3986-42C8-AD92-3F27A4690912}.Debug|Any CPU.Build.0 = Debug|Any CPU
		{457FA89C-3986-42C8-AD92-3F27A4690912}.Release|Any CPU.ActiveCfg = Release|Any CPU
		{457FA89C-3986-42C8-AD92-3F27A4690912}.Release|Any CPU.Build.0 = Release|Any CPU
		{8B61C8B2-74DA-40B2-9F7A-E739E0C38A78}.Debug|Any CPU.ActiveCfg = Debug|Any CPU
		{8B61C8B2-74DA-40B2-9F7A-E739E0C38A78}.Debug|Any CPU.Build.0 = Debug|Any CPU
		{8B61C8B2-74DA-40B2-9F7A-E739E0C38A78}.Release|Any CPU.ActiveCfg = Release|Any CPU
		{8B61C8B2-74DA-40B2-9F7A-E739E0C38A78}.Release|Any CPU.Build.0 = Release|Any CPU
		{6992D7D6-EA0E-495A-B5A0-F3EC1705B183}.Debug|Any CPU.ActiveCfg = Debug|Any CPU
		{6992D7D6-EA0E-495A-B5A0-F3EC1705B183}.Debug|Any CPU.Build.0 = Debug|Any CPU
		{6992D7D6-EA0E-495A-B5A0-F3EC1705B183}.Release|Any CPU.ActiveCfg = Release|Any CPU
		{6992D7D6-EA0E-495A-B5A0-F3EC1705B183}.Release|Any CPU.Build.0 = Release|Any CPU
		{503D7A19-1888-485C-B19A-4AAE69B04D6D}.Debug|Any CPU.ActiveCfg = Debug|Any CPU
		{503D7A19-1888-485C-B19A-4AAE69B04D6D}.Debug|Any CPU.Build.0 = Debug|Any CPU
		{503D7A19-1888-485C-B19A-4AAE69B04D6D}.Release|Any CPU.ActiveCfg = Release|Any CPU
		{503D7A19-1888-485C-B19A-4AAE69B04D6D}.Release|Any CPU.Build.0 = Release|Any CPU
		{464A0D78-9243-46EA-937D-EF4EDE058578}.Debug|Any CPU.ActiveCfg = Debug|Any CPU
		{464A0D78-9243-46EA-937D-EF4EDE058578}.Debug|Any CPU.Build.0 = Debug|Any CPU
		{464A0D78-9243-46EA-937D-EF4EDE058578}.Release|Any CPU.ActiveCfg = Release|Any CPU
		{464A0D78-9243-46EA-937D-EF4EDE058578}.Release|Any CPU.Build.0 = Release|Any CPU
		{E901F3EC-7DDD-449C-B3CA-E4DAF383F777}.Debug|Any CPU.ActiveCfg = Debug|Any CPU
		{E901F3EC-7DDD-449C-B3CA-E4DAF383F777}.Debug|Any CPU.Build.0 = Debug|Any CPU
		{E901F3EC-7DDD-449C-B3CA-E4DAF383F777}.Release|Any CPU.ActiveCfg = Release|Any CPU
		{E901F3EC-7DDD-449C-B3CA-E4DAF383F777}.Release|Any CPU.Build.0 = Release|Any CPU
		{76EE493F-D93C-4DD3-9D2C-4C501CAA06A0}.Debug|Any CPU.ActiveCfg = Debug|Any CPU
		{76EE493F-D93C-4DD3-9D2C-4C501CAA06A0}.Debug|Any CPU.Build.0 = Debug|Any CPU
		{76EE493F-D93C-4DD3-9D2C-4C501CAA06A0}.Release|Any CPU.ActiveCfg = Release|Any CPU
		{76EE493F-D93C-4DD3-9D2C-4C501CAA06A0}.Release|Any CPU.Build.0 = Release|Any CPU
		{D6458A0B-34D8-4ABB-B8F8-72BFD7364FF2}.Debug|Any CPU.ActiveCfg = Debug|Any CPU
		{D6458A0B-34D8-4ABB-B8F8-72BFD7364FF2}.Debug|Any CPU.Build.0 = Debug|Any CPU
		{D6458A0B-34D8-4ABB-B8F8-72BFD7364FF2}.Release|Any CPU.ActiveCfg = Release|Any CPU
		{D6458A0B-34D8-4ABB-B8F8-72BFD7364FF2}.Release|Any CPU.Build.0 = Release|Any CPU
		{F79951F8-6AA1-4154-8629-9D3899DCC52A}.Debug|Any CPU.ActiveCfg = Debug|Any CPU
		{F79951F8-6AA1-4154-8629-9D3899DCC52A}.Debug|Any CPU.Build.0 = Debug|Any CPU
		{F79951F8-6AA1-4154-8629-9D3899DCC52A}.Release|Any CPU.ActiveCfg = Release|Any CPU
		{F79951F8-6AA1-4154-8629-9D3899DCC52A}.Release|Any CPU.Build.0 = Release|Any CPU
	EndGlobalSection
	GlobalSection(SolutionProperties) = preSolution
		HideSolutionNode = FALSE
	EndGlobalSection
	GlobalSection(ExtensibilityGlobals) = postSolution
		SolutionGuid = {1277AD59-F329-4401-A4B3-2C9AAF62CD39}
	EndGlobalSection
EndGlobal
